
Microsoft Visual Studio Solution File, Format Version 12.00
# Visual Studio Version 17
VisualStudioVersion = 17.8.34511.84
MinimumVisualStudioVersion = 10.0.40219.1
Project("{FAE04EC0-301F-11D3-BF4B-00C04F79EFBC}") = "Project-Assignmemt", "Project-Assignmemt.csproj", "{A5F4C322-1FA3-4372-8625-34763480458F}"
EndProject
Global
	GlobalSection(SolutionConfigurationPlatforms) = preSolution
		Debug|Any CPU = Debug|Any CPU
		Release|Any CPU = Release|Any CPU
	EndGlobalSection
	GlobalSection(ProjectConfigurationPlatforms) = postSolution
		{A5F4C322-1FA3-4372-8625-34763480458F}.Debug|Any CPU.ActiveCfg = Debug|Any CPU
		{A5F4C322-1FA3-4372-8625-34763480458F}.Debug|Any CPU.Build.0 = Debug|Any CPU
		{A5F4C322-1FA3-4372-8625-34763480458F}.Release|Any CPU.ActiveCfg = Release|Any CPU
		{A5F4C322-1FA3-4372-8625-34763480458F}.Release|Any CPU.Build.0 = Release|Any CPU
	EndGlobalSection
	GlobalSection(SolutionProperties) = preSolution
		HideSolutionNode = FALSE
	EndGlobalSection
	GlobalSection(ExtensibilityGlobals) = postSolution
		SolutionGuid = {B75C31DE-3BB6-4379-B612-FDFF7178F1BF}
	EndGlobalSection
EndGlobal
